schema: '2.0'
stages:
  data_ingestion:
    cmd: python3 src/data_ingestion.py
    deps:
    - path: src/data_ingestion.py
      hash: md5
      md5: b28dfc132d02b8854e85ffb37e01acbb
      size: 4605
    params:
      params.yaml:
        data_ingestion.test_size: 0.25
    outs:
    - path: data/raw
      hash: md5
      md5: 648e0377e237cc20d6436ee4ebfb485f.dir
      size: 438529
      nfiles: 2
  data_preprocessing:
    cmd: python3 src/data_preprocessing.py
    deps:
    - path: data/raw
      hash: md5
      md5: 648e0377e237cc20d6436ee4ebfb485f.dir
      size: 438529
      nfiles: 2
    - path: src/data_preprocessing.py
      hash: md5
      md5: 9e2f9df9a0f03e88ead206514bf650d1
      size: 4000
    outs:
    - path: data/interim
      hash: md5
      md5: 16a9a8e6f61af64e81f5eddec66659f7.dir
      size: 249072
      nfiles: 2
  feature_engineering:
    cmd: python3 src/feature_engineering.py
    deps:
    - path: data/interim
      hash: md5
      md5: 16a9a8e6f61af64e81f5eddec66659f7.dir
      size: 249072
      nfiles: 2
    - path: src/feature_engineering.py
      hash: md5
      md5: 9f9843e8b1b4f6fef0f23e02dfaa726c
      size: 4459
    params:
      params.yaml:
        feature_engineering.max_features: 1000
    outs:
    - path: data/processed
      hash: md5
      md5: cb0ff9f9c45ab921aa50efe9b20c0509.dir
      size: 21120570
      nfiles: 2
  model_building:
    cmd: python3 src/model_building.py
    deps:
    - path: data/processed
      hash: md5
      md5: cb0ff9f9c45ab921aa50efe9b20c0509.dir
      size: 21120570
      nfiles: 2
    - path: src/model_building.py
      hash: md5
      md5: b0b6a893e26b354ac8bcf69c7aa0bd82
      size: 5084
    params:
      params.yaml:
        model_building.n_estimators: 20
        model_building.random_state: 42
    outs:
    - path: models/model.pkl
      hash: md5
      md5: 0fee5b0b854313c1b4d9db8370230e2b
      size: 1516837
  model_evaluation:
    cmd: python3 src/model_evaluation.py
    deps:
    - path: models/model.pkl
      hash: md5
      md5: 0fee5b0b854313c1b4d9db8370230e2b
      size: 1516837
    - path: src/model_evaluation.py
      hash: md5
      md5: d98c83e4ce7525ff32437f1ebf177bed
      size: 4806
    outs:
    - path: reports/metrics.json
      hash: md5
      md5: 4ba49274d7a505eebf94a4b3e338d701
      size: 187
