schema: '2.0'
stages:
  data_ingestion:
    cmd: python3 src/data_ingestion.py
    deps:
    - path: src/data_ingestion.py
      hash: md5
      md5: b28dfc132d02b8854e85ffb37e01acbb
      size: 4605
    params:
      params.yaml:
        data_ingestion.test_size: 0.2
    outs:
    - path: data/raw
      hash: md5
      md5: 9016ad46389b9e8ccca61a2f8ab52d6f.dir
      size: 438529
      nfiles: 2
  data_preprocessing:
    cmd: python3 src/data_preprocessing.py
    deps:
    - path: data/raw
      hash: md5
      md5: 9016ad46389b9e8ccca61a2f8ab52d6f.dir
      size: 438529
      nfiles: 2
    - path: src/data_preprocessing.py
      hash: md5
      md5: 9e2f9df9a0f03e88ead206514bf650d1
      size: 4000
    outs:
    - path: data/interim
      hash: md5
      md5: 63a87fb42f7bf5a9ed478022ccbbf395.dir
      size: 249072
      nfiles: 2
  feature_engineering:
    cmd: python3 src/feature_engineering.py
    deps:
    - path: data/interim
      hash: md5
      md5: 63a87fb42f7bf5a9ed478022ccbbf395.dir
      size: 249072
      nfiles: 2
    - path: src/feature_engineering.py
      hash: md5
      md5: 9f9843e8b1b4f6fef0f23e02dfaa726c
      size: 4459
    params:
      params.yaml:
        feature_engineering.max_features: 1000
    outs:
    - path: data/processed
      hash: md5
      md5: 634c4f0fa015d00ebc671452da40fbd4.dir
      size: 21121033
      nfiles: 2
  model_building:
    cmd: python3 src/model_building.py
    deps:
    - path: data/processed
      hash: md5
      md5: 634c4f0fa015d00ebc671452da40fbd4.dir
      size: 21121033
      nfiles: 2
    - path: src/model_building.py
      hash: md5
      md5: b0b6a893e26b354ac8bcf69c7aa0bd82
      size: 5084
    params:
      params.yaml:
        model_building.n_estimators: 30
        model_building.random_state: 42
    outs:
    - path: models/model.pkl
      hash: md5
      md5: 030709d6a908698d4274ca4eb2d611a4
      size: 2419077
  model_evaluation:
    cmd: python3 src/model_evaluation.py
    deps:
    - path: models/model.pkl
      hash: md5
      md5: 030709d6a908698d4274ca4eb2d611a4
      size: 2419077
    - path: src/model_evaluation.py
      hash: md5
      md5: d98c83e4ce7525ff32437f1ebf177bed
      size: 4806
    outs:
    - path: reports/metrics.json
      hash: md5
      md5: 17f09d75a417c1f7c6e2a5c84b55e387
      size: 174
